
Microsoft Visual Studio Solution File, Format Version 12.00
# Visual Studio Version 17
VisualStudioVersion = 17.13.35825.156 d17.13
MinimumVisualStudioVersion = 10.0.40219.1
Project("{FAE04EC0-301F-11D3-BF4B-00C04F79EFBC}") = "BackEnd", "BackEnd\BackEnd.csproj", "{17D386E3-7E99-44ED-9EB8-FFCE36200829}"
EndProject
Global
	GlobalSection(SolutionConfigurationPlatforms) = preSolution
		Debug|Any CPU = Debug|Any CPU
		Release|Any CPU = Release|Any CPU
	EndGlobalSection
	GlobalSection(ProjectConfigurationPlatforms) = postSolution
		{17D386E3-7E99-44ED-9EB8-FFCE36200829}.Debug|Any CPU.ActiveCfg = Debug|Any CPU
		{17D386E3-7E99-44ED-9EB8-FFCE36200829}.Debug|Any CPU.Build.0 = Debug|Any CPU
		{17D386E3-7E99-44ED-9EB8-FFCE36200829}.Release|Any CPU.ActiveCfg = Release|Any CPU
		{17D386E3-7E99-44ED-9EB8-FFCE36200829}.Release|Any CPU.Build.0 = Release|Any CPU
	EndGlobalSection
	GlobalSection(SolutionProperties) = preSolution
		HideSolutionNode = FALSE
	EndGlobalSection
	GlobalSection(ExtensibilityGlobals) = postSolution
		SolutionGuid = {A914B14C-B031-4AAD-B521-CDCC525732F6}
	EndGlobalSection
EndGlobal
